
Microsoft Visual Studio Solution File, Format Version 12.00
# Visual Studio Version 17
VisualStudioVersion = 17.7.34018.315
MinimumVisualStudioVersion = 10.0.40219.1
Project("{FAE04EC0-301F-11D3-BF4B-00C04F79EFBC}") = "radiobutton_checkbox_control", "radiobutton_checkbox_control\radiobutton_checkbox_control.csproj", "{95C03E67-3106-4CE1-840A-C854EEBE4FCB}"
EndProject
Global
	GlobalSection(SolutionConfigurationPlatforms) = preSolution
		Debug|Any CPU = Debug|Any CPU
		Release|Any CPU = Release|Any CPU
	EndGlobalSection
	GlobalSection(ProjectConfigurationPlatforms) = postSolution
		{95C03E67-3106-4CE1-840A-C854EEBE4FCB}.Debug|Any CPU.ActiveCfg = Debug|Any CPU
		{95C03E67-3106-4CE1-840A-C854EEBE4FCB}.Debug|Any CPU.Build.0 = Debug|Any CPU
		{95C03E67-3106-4CE1-840A-C854EEBE4FCB}.Release|Any CPU.ActiveCfg = Release|Any CPU
		{95C03E67-3106-4CE1-840A-C854EEBE4FCB}.Release|Any CPU.Build.0 = Release|Any CPU
	EndGlobalSection
	GlobalSection(SolutionProperties) = preSolution
		HideSolutionNode = FALSE
	EndGlobalSection
	GlobalSection(ExtensibilityGlobals) = postSolution
		SolutionGuid = {84912FED-35D9-4EB6-A1FC-D95BD1674FA2}
	EndGlobalSection
EndGlobal
